{
  "originHash" : "ac773e85a8adcb01aadf39d2b4eea1b62e51a4d40d0f1a4278c65c5931c8c8dc",
  "pins" : [
    {
      "identity" : "cflac",
      "kind" : "remoteSourceControl",
      "location" : "https://github.com/sbooth/CFLAC.git",
      "state" : {
        "revision" : "4e8494d839fc8fc1b5e3e22c6cdba783e52928b0",
        "version" : "1.4.3"
      }
    },
    {
      "identity" : "cogg",
      "kind" : "remoteSourceControl",
      "location" : "https://github.com/sbooth/COgg",
      "state" : {
        "revision" : "58b18e65edb656d322a2f909a1023a9533cc690e",
        "version" : "1.3.5"
      }
    },
    {
      "identity" : "swift-lame",
      "kind" : "remoteSourceControl",
      "location" : "https://github.com/Phisto/swift-lame.git",
      "state" : {
        "revision" : "d85ee80128d7cc36796c984463cfd75b1d38587d",
        "version" : "3.100.0"
      }
    }
  ],
  "version" : 3
}
